
Microsoft Visual Studio Solution File, Format Version 12.00
# Visual Studio Version 17
VisualStudioVersion = 17.9.34728.123
MinimumVisualStudioVersion = 10.0.40219.1
Project("{FAE04EC0-301F-11D3-BF4B-00C04F79EFBC}") = "SopracoFileReader", "SopracoFileReader.csproj", "{15DBCE91-6EFD-4F2B-800D-2B019ABEE071}"
	ProjectSection(ProjectDependencies) = postProject
		{3EEA06C8-1EA7-498A-A222-CD7DBE754FC6} = {3EEA06C8-1EA7-498A-A222-CD7DBE754FC6}
		{686BE153-0DBB-4CBC-88D7-D89BD3D449C5} = {686BE153-0DBB-4CBC-88D7-D89BD3D449C5}
		{99379685-2A9D-4CDC-9BF3-18C45EBF0A95} = {99379685-2A9D-4CDC-9BF3-18C45EBF0A95}
		{9B640554-C7A9-49D6-BA41-746F749FD81E} = {9B640554-C7A9-49D6-BA41-746F749FD81E}
		{9E3F249B-D953-4011-B3D8-FEB446C2FA78} = {9E3F249B-D953-4011-B3D8-FEB446C2FA78}
		{A9CB2C97-4502-41E2-8A15-39872F2525E9} = {A9CB2C97-4502-41E2-8A15-39872F2525E9}
	EndProjectSection
EndProject
Project("{FAE04EC0-301F-11D3-BF4B-00C04F79EFBC}") = "VSM.RUMA.CORE.COMMONS", "..\VSM.RUMA.CORE.COMMONS\VSM.RUMA.CORE.COMMONS.csproj", "{A9CB2C97-4502-41E2-8A15-39872F2525E9}"
EndProject
Project("{FAE04EC0-301F-11D3-BF4B-00C04F79EFBC}") = "VSM.RUMA.CORE.DB", "..\VSM.RUMA.CORE.DB\VSM.RUMA.CORE.DB.csproj", "{9B640554-C7A9-49D6-BA41-746F749FD81E}"
EndProject
Project("{FAE04EC0-301F-11D3-BF4B-00C04F79EFBC}") = "VSM.RUMA.CORE.DB.MYSQL", "..\VSM.RUMA.CORE.DB.MYSQL\VSM.RUMA.CORE.DB.MYSQL.csproj", "{3EEA06C8-1EA7-498A-A222-CD7DBE754FC6}"
EndProject
Project("{FAE04EC0-301F-11D3-BF4B-00C04F79EFBC}") = "VSM.RUMA.CORE.XML2AGROBASE", "..\VSM.RUMA.CORE.XML2AGROBASE\VSM.RUMA.CORE.XML2AGROBASE.csproj", "{29F50EAC-DC03-41AC-8CF0-D949C4272334}"
EndProject
Project("{FAE04EC0-301F-11D3-BF4B-00C04F79EFBC}") = "VSM.RUMA.SRV.FILEREADER.SOPRACO", "..\VSM.RUMA.SRV.FILEREADER.SOPRACO\VSM.RUMA.SRV.FILEREADER.SOPRACO.csproj", "{082BA0FF-41C6-4980-9D28-4DB304601D2F}"
	ProjectSection(ProjectDependencies) = postProject
		{3EEA06C8-1EA7-498A-A222-CD7DBE754FC6} = {3EEA06C8-1EA7-498A-A222-CD7DBE754FC6}
		{686BE153-0DBB-4CBC-88D7-D89BD3D449C5} = {686BE153-0DBB-4CBC-88D7-D89BD3D449C5}
		{99379685-2A9D-4CDC-9BF3-18C45EBF0A95} = {99379685-2A9D-4CDC-9BF3-18C45EBF0A95}
		{9B640554-C7A9-49D6-BA41-746F749FD81E} = {9B640554-C7A9-49D6-BA41-746F749FD81E}
		{9E3F249B-D953-4011-B3D8-FEB446C2FA78} = {9E3F249B-D953-4011-B3D8-FEB446C2FA78}
		{A9CB2C97-4502-41E2-8A15-39872F2525E9} = {A9CB2C97-4502-41E2-8A15-39872F2525E9}
	EndProjectSection
EndProject
Project("{FAE04EC0-301F-11D3-BF4B-00C04F79EFBC}") = "VSM.RUMA.SOAPSANITEL", "..\VSM.RUMA.SOAPSANITEL\VSM.RUMA.SOAPSANITEL.csproj", "{F0E38993-EF44-413B-92F3-17AB094DCC8E}"
EndProject
Project("{FAE04EC0-301F-11D3-BF4B-00C04F79EFBC}") = "VSM.RUMA.SRV.FILEREADER", "..\VSM.RUMA.SRV.FILEREADER\VSM.RUMA.SRV.FILEREADER.csproj", "{9E3F249B-D953-4011-B3D8-FEB446C2FA78}"
EndProject
Project("{FAE04EC0-301F-11D3-BF4B-00C04F79EFBC}") = "VSM.RUMA.SRV.FILEREADER.CORE", "..\VSM.RUMA.SRV.FILEREADER.CORE\VSM.RUMA.SRV.FILEREADER.CORE.csproj", "{99379685-2A9D-4CDC-9BF3-18C45EBF0A95}"
EndProject
Project("{FAE04EC0-301F-11D3-BF4B-00C04F79EFBC}") = "VSM.RUMA.CORE.SOAPLNV", "..\VSM.RUMA.CORE.SOAPLNV\VSM.RUMA.CORE.SOAPLNV.csproj", "{36E86EFB-32DD-4A9D-A7FD-E76B03AE61C2}"
EndProject
Project("{FAE04EC0-301F-11D3-BF4B-00C04F79EFBC}") = "VSM.RUMA.CORE", "..\VSM.RUMA.CORE\VSM.RUMA.CORE.csproj", "{686BE153-0DBB-4CBC-88D7-D89BD3D449C5}"
EndProject
Global
	GlobalSection(SolutionConfigurationPlatforms) = preSolution
		BUILD|Any CPU = BUILD|Any CPU
		BUILD|x64 = BUILD|x64
		BUILD|x86 = BUILD|x86
		Debug|Any CPU = Debug|Any CPU
		Debug|x64 = Debug|x64
		Debug|x86 = Debug|x86
		Release|Any CPU = Release|Any CPU
		Release|x64 = Release|x64
		Release|x86 = Release|x86
		Test|Any CPU = Test|Any CPU
		Test|x64 = Test|x64
		Test|x86 = Test|x86
	EndGlobalSection
	GlobalSection(ProjectConfigurationPlatforms) = postSolution
		{15DBCE91-6EFD-4F2B-800D-2B019ABEE071}.BUILD|Any CPU.ActiveCfg = Debug|Any CPU
		{15DBCE91-6EFD-4F2B-800D-2B019ABEE071}.BUILD|Any CPU.Build.0 = Debug|Any CPU
		{15DBCE91-6EFD-4F2B-800D-2B019ABEE071}.BUILD|x64.ActiveCfg = Release|Any CPU
		{15DBCE91-6EFD-4F2B-800D-2B019ABEE071}.BUILD|x64.Build.0 = Release|Any CPU
		{15DBCE91-6EFD-4F2B-800D-2B019ABEE071}.BUILD|x86.ActiveCfg = Debug|Any CPU
		{15DBCE91-6EFD-4F2B-800D-2B019ABEE071}.BUILD|x86.Build.0 = Debug|Any CPU
		{15DBCE91-6EFD-4F2B-800D-2B019ABEE071}.Debug|Any CPU.ActiveCfg = Debug|Any CPU
		{15DBCE91-6EFD-4F2B-800D-2B019ABEE071}.Debug|Any CPU.Build.0 = Debug|Any CPU
		{15DBCE91-6EFD-4F2B-800D-2B019ABEE071}.Debug|x64.ActiveCfg = Debug|Any CPU
		{15DBCE91-6EFD-4F2B-800D-2B019ABEE071}.Debug|x64.Build.0 = Debug|Any CPU
		{15DBCE91-6EFD-4F2B-800D-2B019ABEE071}.Debug|x86.ActiveCfg = Debug|Any CPU
		{15DBCE91-6EFD-4F2B-800D-2B019ABEE071}.Debug|x86.Build.0 = Debug|Any CPU
		{15DBCE91-6EFD-4F2B-800D-2B019ABEE071}.Release|Any CPU.ActiveCfg = Release|Any CPU
		{15DBCE91-6EFD-4F2B-800D-2B019ABEE071}.Release|Any CPU.Build.0 = Release|Any CPU
		{15DBCE91-6EFD-4F2B-800D-2B019ABEE071}.Release|x64.ActiveCfg = Release|Any CPU
		{15DBCE91-6EFD-4F2B-800D-2B019ABEE071}.Release|x64.Build.0 = Release|Any CPU
		{15DBCE91-6EFD-4F2B-800D-2B019ABEE071}.Release|x86.ActiveCfg = Release|Any CPU
		{15DBCE91-6EFD-4F2B-800D-2B019ABEE071}.Release|x86.Build.0 = Release|Any CPU
		{15DBCE91-6EFD-4F2B-800D-2B019ABEE071}.Test|Any CPU.ActiveCfg = Debug|Any CPU
		{15DBCE91-6EFD-4F2B-800D-2B019ABEE071}.Test|Any CPU.Build.0 = Debug|Any CPU
		{15DBCE91-6EFD-4F2B-800D-2B019ABEE071}.Test|x64.ActiveCfg = Release|Any CPU
		{15DBCE91-6EFD-4F2B-800D-2B019ABEE071}.Test|x64.Build.0 = Release|Any CPU
		{15DBCE91-6EFD-4F2B-800D-2B019ABEE071}.Test|x86.ActiveCfg = Debug|Any CPU
		{15DBCE91-6EFD-4F2B-800D-2B019ABEE071}.Test|x86.Build.0 = Debug|Any CPU
		{A9CB2C97-4502-41E2-8A15-39872F2525E9}.BUILD|Any CPU.ActiveCfg = BUILD|Any CPU
		{A9CB2C97-4502-41E2-8A15-39872F2525E9}.BUILD|Any CPU.Build.0 = BUILD|Any CPU
		{A9CB2C97-4502-41E2-8A15-39872F2525E9}.BUILD|x64.ActiveCfg = BUILD|Any CPU
		{A9CB2C97-4502-41E2-8A15-39872F2525E9}.BUILD|x64.Build.0 = BUILD|Any CPU
		{A9CB2C97-4502-41E2-8A15-39872F2525E9}.BUILD|x86.ActiveCfg = BUILD|x86
		{A9CB2C97-4502-41E2-8A15-39872F2525E9}.BUILD|x86.Build.0 = BUILD|x86
		{A9CB2C97-4502-41E2-8A15-39872F2525E9}.Debug|Any CPU.ActiveCfg = Debug|Any CPU
		{A9CB2C97-4502-41E2-8A15-39872F2525E9}.Debug|Any CPU.Build.0 = Debug|Any CPU
		{A9CB2C97-4502-41E2-8A15-39872F2525E9}.Debug|x64.ActiveCfg = Debug|Any CPU
		{A9CB2C97-4502-41E2-8A15-39872F2525E9}.Debug|x64.Build.0 = Debug|Any CPU
		{A9CB2C97-4502-41E2-8A15-39872F2525E9}.Debug|x86.ActiveCfg = Debug|x86
		{A9CB2C97-4502-41E2-8A15-39872F2525E9}.Debug|x86.Build.0 = Debug|x86
		{A9CB2C97-4502-41E2-8A15-39872F2525E9}.Release|Any CPU.ActiveCfg = Release|Any CPU
		{A9CB2C97-4502-41E2-8A15-39872F2525E9}.Release|Any CPU.Build.0 = Release|Any CPU
		{A9CB2C97-4502-41E2-8A15-39872F2525E9}.Release|x64.ActiveCfg = Release|Any CPU
		{A9CB2C97-4502-41E2-8A15-39872F2525E9}.Release|x64.Build.0 = Release|Any CPU
		{A9CB2C97-4502-41E2-8A15-39872F2525E9}.Release|x86.ActiveCfg = Release|x86
		{A9CB2C97-4502-41E2-8A15-39872F2525E9}.Release|x86.Build.0 = Release|x86
		{A9CB2C97-4502-41E2-8A15-39872F2525E9}.Test|Any CPU.ActiveCfg = Test|Any CPU
		{A9CB2C97-4502-41E2-8A15-39872F2525E9}.Test|Any CPU.Build.0 = Test|Any CPU
		{A9CB2C97-4502-41E2-8A15-39872F2525E9}.Test|x64.ActiveCfg = Test|Any CPU
		{A9CB2C97-4502-41E2-8A15-39872F2525E9}.Test|x64.Build.0 = Test|Any CPU
		{A9CB2C97-4502-41E2-8A15-39872F2525E9}.Test|x86.ActiveCfg = Test|x86
		{A9CB2C97-4502-41E2-8A15-39872F2525E9}.Test|x86.Build.0 = Test|x86
		{9B640554-C7A9-49D6-BA41-746F749FD81E}.BUILD|Any CPU.ActiveCfg = BUILD|Any CPU
		{9B640554-C7A9-49D6-BA41-746F749FD81E}.BUILD|Any CPU.Build.0 = BUILD|Any CPU
		{9B640554-C7A9-49D6-BA41-746F749FD81E}.BUILD|x64.ActiveCfg = BUILD|Any CPU
		{9B640554-C7A9-49D6-BA41-746F749FD81E}.BUILD|x64.Build.0 = BUILD|Any CPU
		{9B640554-C7A9-49D6-BA41-746F749FD81E}.BUILD|x86.ActiveCfg = BUILD|x86
		{9B640554-C7A9-49D6-BA41-746F749FD81E}.BUILD|x86.Build.0 = BUILD|x86
		{9B640554-C7A9-49D6-BA41-746F749FD81E}.Debug|Any CPU.ActiveCfg = Debug|Any CPU
		{9B640554-C7A9-49D6-BA41-746F749FD81E}.Debug|Any CPU.Build.0 = Debug|Any CPU
		{9B640554-C7A9-49D6-BA41-746F749FD81E}.Debug|x64.ActiveCfg = Debug|Any CPU
		{9B640554-C7A9-49D6-BA41-746F749FD81E}.Debug|x64.Build.0 = Debug|Any CPU
		{9B640554-C7A9-49D6-BA41-746F749FD81E}.Debug|x86.ActiveCfg = Debug|x86
		{9B640554-C7A9-49D6-BA41-746F749FD81E}.Debug|x86.Build.0 = Debug|x86
		{9B640554-C7A9-49D6-BA41-746F749FD81E}.Release|Any CPU.ActiveCfg = Release|Any CPU
		{9B640554-C7A9-49D6-BA41-746F749FD81E}.Release|Any CPU.Build.0 = Release|Any CPU
		{9B640554-C7A9-49D6-BA41-746F749FD81E}.Release|x64.ActiveCfg = Release|Any CPU
		{9B640554-C7A9-49D6-BA41-746F749FD81E}.Release|x64.Build.0 = Release|Any CPU
		{9B640554-C7A9-49D6-BA41-746F749FD81E}.Release|x86.ActiveCfg = Release|x86
		{9B640554-C7A9-49D6-BA41-746F749FD81E}.Release|x86.Build.0 = Release|x86
		{9B640554-C7A9-49D6-BA41-746F749FD81E}.Test|Any CPU.ActiveCfg = Test|Any CPU
		{9B640554-C7A9-49D6-BA41-746F749FD81E}.Test|Any CPU.Build.0 = Test|Any CPU
		{9B640554-C7A9-49D6-BA41-746F749FD81E}.Test|x64.ActiveCfg = Test|Any CPU
		{9B640554-C7A9-49D6-BA41-746F749FD81E}.Test|x64.Build.0 = Test|Any CPU
		{9B640554-C7A9-49D6-BA41-746F749FD81E}.Test|x86.ActiveCfg = Test|x86
		{9B640554-C7A9-49D6-BA41-746F749FD81E}.Test|x86.Build.0 = Test|x86
		{3EEA06C8-1EA7-498A-A222-CD7DBE754FC6}.BUILD|Any CPU.ActiveCfg = BUILD|Any CPU
		{3EEA06C8-1EA7-498A-A222-CD7DBE754FC6}.BUILD|Any CPU.Build.0 = BUILD|Any CPU
		{3EEA06C8-1EA7-498A-A222-CD7DBE754FC6}.BUILD|x64.ActiveCfg = BUILD|Any CPU
		{3EEA06C8-1EA7-498A-A222-CD7DBE754FC6}.BUILD|x64.Build.0 = BUILD|Any CPU
		{3EEA06C8-1EA7-498A-A222-CD7DBE754FC6}.BUILD|x86.ActiveCfg = BUILD|x86
		{3EEA06C8-1EA7-498A-A222-CD7DBE754FC6}.BUILD|x86.Build.0 = BUILD|x86
		{3EEA06C8-1EA7-498A-A222-CD7DBE754FC6}.Debug|Any CPU.ActiveCfg = Debug|Any CPU
		{3EEA06C8-1EA7-498A-A222-CD7DBE754FC6}.Debug|Any CPU.Build.0 = Debug|Any CPU
		{3EEA06C8-1EA7-498A-A222-CD7DBE754FC6}.Debug|x64.ActiveCfg = Debug|Any CPU
		{3EEA06C8-1EA7-498A-A222-CD7DBE754FC6}.Debug|x64.Build.0 = Debug|Any CPU
		{3EEA06C8-1EA7-498A-A222-CD7DBE754FC6}.Debug|x86.ActiveCfg = Debug|x86
		{3EEA06C8-1EA7-498A-A222-CD7DBE754FC6}.Debug|x86.Build.0 = Debug|x86
		{3EEA06C8-1EA7-498A-A222-CD7DBE754FC6}.Release|Any CPU.ActiveCfg = Release|Any CPU
		{3EEA06C8-1EA7-498A-A222-CD7DBE754FC6}.Release|Any CPU.Build.0 = Release|Any CPU
		{3EEA06C8-1EA7-498A-A222-CD7DBE754FC6}.Release|x64.ActiveCfg = Release|Any CPU
		{3EEA06C8-1EA7-498A-A222-CD7DBE754FC6}.Release|x64.Build.0 = Release|Any CPU
		{3EEA06C8-1EA7-498A-A222-CD7DBE754FC6}.Release|x86.ActiveCfg = Release|x86
		{3EEA06C8-1EA7-498A-A222-CD7DBE754FC6}.Release|x86.Build.0 = Release|x86
		{3EEA06C8-1EA7-498A-A222-CD7DBE754FC6}.Test|Any CPU.ActiveCfg = Debug|Any CPU
		{3EEA06C8-1EA7-498A-A222-CD7DBE754FC6}.Test|Any CPU.Build.0 = Debug|Any CPU
		{3EEA06C8-1EA7-498A-A222-CD7DBE754FC6}.Test|x64.ActiveCfg = Debug|Any CPU
		{3EEA06C8-1EA7-498A-A222-CD7DBE754FC6}.Test|x64.Build.0 = Debug|Any CPU
		{3EEA06C8-1EA7-498A-A222-CD7DBE754FC6}.Test|x86.ActiveCfg = Debug|x86
		{3EEA06C8-1EA7-498A-A222-CD7DBE754FC6}.Test|x86.Build.0 = Debug|x86
		{29F50EAC-DC03-41AC-8CF0-D949C4272334}.BUILD|Any CPU.ActiveCfg = Debug|x64
		{29F50EAC-DC03-41AC-8CF0-D949C4272334}.BUILD|Any CPU.Build.0 = Debug|x64
		{29F50EAC-DC03-41AC-8CF0-D949C4272334}.BUILD|x64.ActiveCfg = Debug|x64
		{29F50EAC-DC03-41AC-8CF0-D949C4272334}.BUILD|x64.Build.0 = Debug|x64
		{29F50EAC-DC03-41AC-8CF0-D949C4272334}.BUILD|x86.ActiveCfg = Debug|x86
		{29F50EAC-DC03-41AC-8CF0-D949C4272334}.BUILD|x86.Build.0 = Debug|x86
		{29F50EAC-DC03-41AC-8CF0-D949C4272334}.Debug|Any CPU.ActiveCfg = Debug|Any CPU
		{29F50EAC-DC03-41AC-8CF0-D949C4272334}.Debug|Any CPU.Build.0 = Debug|Any CPU
		{29F50EAC-DC03-41AC-8CF0-D949C4272334}.Debug|x64.ActiveCfg = Debug|x64
		{29F50EAC-DC03-41AC-8CF0-D949C4272334}.Debug|x64.Build.0 = Debug|x64
		{29F50EAC-DC03-41AC-8CF0-D949C4272334}.Debug|x86.ActiveCfg = Debug|x86
		{29F50EAC-DC03-41AC-8CF0-D949C4272334}.Debug|x86.Build.0 = Debug|x86
		{29F50EAC-DC03-41AC-8CF0-D949C4272334}.Release|Any CPU.ActiveCfg = Release|x64
		{29F50EAC-DC03-41AC-8CF0-D949C4272334}.Release|Any CPU.Build.0 = Release|x64
		{29F50EAC-DC03-41AC-8CF0-D949C4272334}.Release|x64.ActiveCfg = Release|x64
		{29F50EAC-DC03-41AC-8CF0-D949C4272334}.Release|x64.Build.0 = Release|x64
		{29F50EAC-DC03-41AC-8CF0-D949C4272334}.Release|x86.ActiveCfg = Release|x86
		{29F50EAC-DC03-41AC-8CF0-D949C4272334}.Release|x86.Build.0 = Release|x86
		{29F50EAC-DC03-41AC-8CF0-D949C4272334}.Test|Any CPU.ActiveCfg = Debug|x64
		{29F50EAC-DC03-41AC-8CF0-D949C4272334}.Test|Any CPU.Build.0 = Debug|x64
		{29F50EAC-DC03-41AC-8CF0-D949C4272334}.Test|x64.ActiveCfg = Debug|x64
		{29F50EAC-DC03-41AC-8CF0-D949C4272334}.Test|x64.Build.0 = Debug|x64
		{29F50EAC-DC03-41AC-8CF0-D949C4272334}.Test|x86.ActiveCfg = Debug|x86
		{29F50EAC-DC03-41AC-8CF0-D949C4272334}.Test|x86.Build.0 = Debug|x86
		{082BA0FF-41C6-4980-9D28-4DB304601D2F}.BUILD|Any CPU.ActiveCfg = Debug|x64
		{082BA0FF-41C6-4980-9D28-4DB304601D2F}.BUILD|Any CPU.Build.0 = Debug|x64
		{082BA0FF-41C6-4980-9D28-4DB304601D2F}.BUILD|x64.ActiveCfg = Debug|x64
		{082BA0FF-41C6-4980-9D28-4DB304601D2F}.BUILD|x64.Build.0 = Debug|x64
		{082BA0FF-41C6-4980-9D28-4DB304601D2F}.BUILD|x86.ActiveCfg = Debug|x86
		{082BA0FF-41C6-4980-9D28-4DB304601D2F}.BUILD|x86.Build.0 = Debug|x86
		{082BA0FF-41C6-4980-9D28-4DB304601D2F}.Debug|Any CPU.ActiveCfg = Debug|Any CPU
		{082BA0FF-41C6-4980-9D28-4DB304601D2F}.Debug|Any CPU.Build.0 = Debug|Any CPU
		{082BA0FF-41C6-4980-9D28-4DB304601D2F}.Debug|x64.ActiveCfg = Debug|x64
		{082BA0FF-41C6-4980-9D28-4DB304601D2F}.Debug|x64.Build.0 = Debug|x64
		{082BA0FF-41C6-4980-9D28-4DB304601D2F}.Debug|x86.ActiveCfg = Debug|x86
		{082BA0FF-41C6-4980-9D28-4DB304601D2F}.Debug|x86.Build.0 = Debug|x86
		{082BA0FF-41C6-4980-9D28-4DB304601D2F}.Release|Any CPU.ActiveCfg = Release|x64
		{082BA0FF-41C6-4980-9D28-4DB304601D2F}.Release|Any CPU.Build.0 = Release|x64
		{082BA0FF-41C6-4980-9D28-4DB304601D2F}.Release|x64.ActiveCfg = Release|x64
		{082BA0FF-41C6-4980-9D28-4DB304601D2F}.Release|x64.Build.0 = Release|x64
		{082BA0FF-41C6-4980-9D28-4DB304601D2F}.Release|x86.ActiveCfg = Release|x86
		{082BA0FF-41C6-4980-9D28-4DB304601D2F}.Release|x86.Build.0 = Release|x86
		{082BA0FF-41C6-4980-9D28-4DB304601D2F}.Test|Any CPU.ActiveCfg = Debug|x64
		{082BA0FF-41C6-4980-9D28-4DB304601D2F}.Test|Any CPU.Build.0 = Debug|x64
		{082BA0FF-41C6-4980-9D28-4DB304601D2F}.Test|x64.ActiveCfg = Debug|x64
		{082BA0FF-41C6-4980-9D28-4DB304601D2F}.Test|x64.Build.0 = Debug|x64
		{082BA0FF-41C6-4980-9D28-4DB304601D2F}.Test|x86.ActiveCfg = Debug|x86
		{082BA0FF-41C6-4980-9D28-4DB304601D2F}.Test|x86.Build.0 = Debug|x86
		{F0E38993-EF44-413B-92F3-17AB094DCC8E}.BUILD|Any CPU.ActiveCfg = Debug|Any CPU
		{F0E38993-EF44-413B-92F3-17AB094DCC8E}.BUILD|Any CPU.Build.0 = Debug|Any CPU
		{F0E38993-EF44-413B-92F3-17AB094DCC8E}.BUILD|x64.ActiveCfg = Debug|Any CPU
		{F0E38993-EF44-413B-92F3-17AB094DCC8E}.BUILD|x64.Build.0 = Debug|Any CPU
		{F0E38993-EF44-413B-92F3-17AB094DCC8E}.BUILD|x86.ActiveCfg = Debug|Any CPU
		{F0E38993-EF44-413B-92F3-17AB094DCC8E}.BUILD|x86.Build.0 = Debug|Any CPU
		{F0E38993-EF44-413B-92F3-17AB094DCC8E}.Debug|Any CPU.ActiveCfg = Debug|Any CPU
		{F0E38993-EF44-413B-92F3-17AB094DCC8E}.Debug|Any CPU.Build.0 = Debug|Any CPU
		{F0E38993-EF44-413B-92F3-17AB094DCC8E}.Debug|x64.ActiveCfg = Debug|Any CPU
		{F0E38993-EF44-413B-92F3-17AB094DCC8E}.Debug|x64.Build.0 = Debug|Any CPU
		{F0E38993-EF44-413B-92F3-17AB094DCC8E}.Debug|x86.ActiveCfg = Debug|Any CPU
		{F0E38993-EF44-413B-92F3-17AB094DCC8E}.Debug|x86.Build.0 = Debug|Any CPU
		{F0E38993-EF44-413B-92F3-17AB094DCC8E}.Release|Any CPU.ActiveCfg = Release|Any CPU
		{F0E38993-EF44-413B-92F3-17AB094DCC8E}.Release|Any CPU.Build.0 = Release|Any CPU
		{F0E38993-EF44-413B-92F3-17AB094DCC8E}.Release|x64.ActiveCfg = Release|Any CPU
		{F0E38993-EF44-413B-92F3-17AB094DCC8E}.Release|x64.Build.0 = Release|Any CPU
		{F0E38993-EF44-413B-92F3-17AB094DCC8E}.Release|x86.ActiveCfg = Release|Any CPU
		{F0E38993-EF44-413B-92F3-17AB094DCC8E}.Release|x86.Build.0 = Release|Any CPU
		{F0E38993-EF44-413B-92F3-17AB094DCC8E}.Test|Any CPU.ActiveCfg = Debug|Any CPU
		{F0E38993-EF44-413B-92F3-17AB094DCC8E}.Test|Any CPU.Build.0 = Debug|Any CPU
		{F0E38993-EF44-413B-92F3-17AB094DCC8E}.Test|x64.ActiveCfg = Debug|Any CPU
		{F0E38993-EF44-413B-92F3-17AB094DCC8E}.Test|x64.Build.0 = Debug|Any CPU
		{F0E38993-EF44-413B-92F3-17AB094DCC8E}.Test|x86.ActiveCfg = Debug|Any CPU
		{F0E38993-EF44-413B-92F3-17AB094DCC8E}.Test|x86.Build.0 = Debug|Any CPU
		{9E3F249B-D953-4011-B3D8-FEB446C2FA78}.BUILD|Any CPU.ActiveCfg = Debug|Any CPU
		{9E3F249B-D953-4011-B3D8-FEB446C2FA78}.BUILD|Any CPU.Build.0 = Debug|Any CPU
		{9E3F249B-D953-4011-B3D8-FEB446C2FA78}.BUILD|x64.ActiveCfg = Debug|x64
		{9E3F249B-D953-4011-B3D8-FEB446C2FA78}.BUILD|x64.Build.0 = Debug|x64
		{9E3F249B-D953-4011-B3D8-FEB446C2FA78}.BUILD|x86.ActiveCfg = Debug|x86
		{9E3F249B-D953-4011-B3D8-FEB446C2FA78}.BUILD|x86.Build.0 = Debug|x86
		{9E3F249B-D953-4011-B3D8-FEB446C2FA78}.Debug|Any CPU.ActiveCfg = Debug|Any CPU
		{9E3F249B-D953-4011-B3D8-FEB446C2FA78}.Debug|Any CPU.Build.0 = Debug|Any CPU
		{9E3F249B-D953-4011-B3D8-FEB446C2FA78}.Debug|x64.ActiveCfg = Debug|x64
		{9E3F249B-D953-4011-B3D8-FEB446C2FA78}.Debug|x64.Build.0 = Debug|x64
		{9E3F249B-D953-4011-B3D8-FEB446C2FA78}.Debug|x86.ActiveCfg = Debug|x86
		{9E3F249B-D953-4011-B3D8-FEB446C2FA78}.Debug|x86.Build.0 = Debug|x86
		{9E3F249B-D953-4011-B3D8-FEB446C2FA78}.Release|Any CPU.ActiveCfg = Release|Any CPU
		{9E3F249B-D953-4011-B3D8-FEB446C2FA78}.Release|Any CPU.Build.0 = Release|Any CPU
		{9E3F249B-D953-4011-B3D8-FEB446C2FA78}.Release|x64.ActiveCfg = Release|x64
		{9E3F249B-D953-4011-B3D8-FEB446C2FA78}.Release|x64.Build.0 = Release|x64
		{9E3F249B-D953-4011-B3D8-FEB446C2FA78}.Release|x86.ActiveCfg = Release|x86
		{9E3F249B-D953-4011-B3D8-FEB446C2FA78}.Release|x86.Build.0 = Release|x86
		{9E3F249B-D953-4011-B3D8-FEB446C2FA78}.Test|Any CPU.ActiveCfg = Debug|Any CPU
		{9E3F249B-D953-4011-B3D8-FEB446C2FA78}.Test|Any CPU.Build.0 = Debug|Any CPU
		{9E3F249B-D953-4011-B3D8-FEB446C2FA78}.Test|x64.ActiveCfg = Debug|x64
		{9E3F249B-D953-4011-B3D8-FEB446C2FA78}.Test|x64.Build.0 = Debug|x64
		{9E3F249B-D953-4011-B3D8-FEB446C2FA78}.Test|x86.ActiveCfg = Debug|x86
		{9E3F249B-D953-4011-B3D8-FEB446C2FA78}.Test|x86.Build.0 = Debug|x86
		{99379685-2A9D-4CDC-9BF3-18C45EBF0A95}.BUILD|Any CPU.ActiveCfg = Debug|x64
		{99379685-2A9D-4CDC-9BF3-18C45EBF0A95}.BUILD|Any CPU.Build.0 = Debug|x64
		{99379685-2A9D-4CDC-9BF3-18C45EBF0A95}.BUILD|x64.ActiveCfg = Debug|x64
		{99379685-2A9D-4CDC-9BF3-18C45EBF0A95}.BUILD|x64.Build.0 = Debug|x64
		{99379685-2A9D-4CDC-9BF3-18C45EBF0A95}.BUILD|x86.ActiveCfg = Debug|x86
		{99379685-2A9D-4CDC-9BF3-18C45EBF0A95}.BUILD|x86.Build.0 = Debug|x86
		{99379685-2A9D-4CDC-9BF3-18C45EBF0A95}.Debug|Any CPU.ActiveCfg = Debug|Any CPU
		{99379685-2A9D-4CDC-9BF3-18C45EBF0A95}.Debug|Any CPU.Build.0 = Debug|Any CPU
		{99379685-2A9D-4CDC-9BF3-18C45EBF0A95}.Debug|x64.ActiveCfg = Debug|x64
		{99379685-2A9D-4CDC-9BF3-18C45EBF0A95}.Debug|x64.Build.0 = Debug|x64
		{99379685-2A9D-4CDC-9BF3-18C45EBF0A95}.Debug|x86.ActiveCfg = Debug|x86
		{99379685-2A9D-4CDC-9BF3-18C45EBF0A95}.Debug|x86.Build.0 = Debug|x86
		{99379685-2A9D-4CDC-9BF3-18C45EBF0A95}.Release|Any CPU.ActiveCfg = Release|x64
		{99379685-2A9D-4CDC-9BF3-18C45EBF0A95}.Release|Any CPU.Build.0 = Release|x64
		{99379685-2A9D-4CDC-9BF3-18C45EBF0A95}.Release|x64.ActiveCfg = Release|x64
		{99379685-2A9D-4CDC-9BF3-18C45EBF0A95}.Release|x64.Build.0 = Release|x64
		{99379685-2A9D-4CDC-9BF3-18C45EBF0A95}.Release|x86.ActiveCfg = Release|x86
		{99379685-2A9D-4CDC-9BF3-18C45EBF0A95}.Release|x86.Build.0 = Release|x86
		{99379685-2A9D-4CDC-9BF3-18C45EBF0A95}.Test|Any CPU.ActiveCfg = Debug|x64
		{99379685-2A9D-4CDC-9BF3-18C45EBF0A95}.Test|Any CPU.Build.0 = Debug|x64
		{99379685-2A9D-4CDC-9BF3-18C45EBF0A95}.Test|x64.ActiveCfg = Debug|x64
		{99379685-2A9D-4CDC-9BF3-18C45EBF0A95}.Test|x64.Build.0 = Debug|x64
		{99379685-2A9D-4CDC-9BF3-18C45EBF0A95}.Test|x86.ActiveCfg = Debug|x86
		{99379685-2A9D-4CDC-9BF3-18C45EBF0A95}.Test|x86.Build.0 = Debug|x86
		{36E86EFB-32DD-4A9D-A7FD-E76B03AE61C2}.BUILD|Any CPU.ActiveCfg = Debug|Any CPU
		{36E86EFB-32DD-4A9D-A7FD-E76B03AE61C2}.BUILD|Any CPU.Build.0 = Debug|Any CPU
		{36E86EFB-32DD-4A9D-A7FD-E76B03AE61C2}.BUILD|x64.ActiveCfg = Debug|Any CPU
		{36E86EFB-32DD-4A9D-A7FD-E76B03AE61C2}.BUILD|x64.Build.0 = Debug|Any CPU
		{36E86EFB-32DD-4A9D-A7FD-E76B03AE61C2}.BUILD|x86.ActiveCfg = Debug|x86
		{36E86EFB-32DD-4A9D-A7FD-E76B03AE61C2}.BUILD|x86.Build.0 = Debug|x86
		{36E86EFB-32DD-4A9D-A7FD-E76B03AE61C2}.Debug|Any CPU.ActiveCfg = Debug|Any CPU
		{36E86EFB-32DD-4A9D-A7FD-E76B03AE61C2}.Debug|Any CPU.Build.0 = Debug|Any CPU
		{36E86EFB-32DD-4A9D-A7FD-E76B03AE61C2}.Debug|x64.ActiveCfg = Debug|Any CPU
		{36E86EFB-32DD-4A9D-A7FD-E76B03AE61C2}.Debug|x64.Build.0 = Debug|Any CPU
		{36E86EFB-32DD-4A9D-A7FD-E76B03AE61C2}.Debug|x86.ActiveCfg = Debug|x86
		{36E86EFB-32DD-4A9D-A7FD-E76B03AE61C2}.Debug|x86.Build.0 = Debug|x86
		{36E86EFB-32DD-4A9D-A7FD-E76B03AE61C2}.Release|Any CPU.ActiveCfg = Release|Any CPU
		{36E86EFB-32DD-4A9D-A7FD-E76B03AE61C2}.Release|Any CPU.Build.0 = Release|Any CPU
		{36E86EFB-32DD-4A9D-A7FD-E76B03AE61C2}.Release|x64.ActiveCfg = Release|Any CPU
		{36E86EFB-32DD-4A9D-A7FD-E76B03AE61C2}.Release|x64.Build.0 = Release|Any CPU
		{36E86EFB-32DD-4A9D-A7FD-E76B03AE61C2}.Release|x86.ActiveCfg = Release|x86
		{36E86EFB-32DD-4A9D-A7FD-E76B03AE61C2}.Release|x86.Build.0 = Release|x86
		{36E86EFB-32DD-4A9D-A7FD-E76B03AE61C2}.Test|Any CPU.ActiveCfg = Debug|Any CPU
		{36E86EFB-32DD-4A9D-A7FD-E76B03AE61C2}.Test|Any CPU.Build.0 = Debug|Any CPU
		{36E86EFB-32DD-4A9D-A7FD-E76B03AE61C2}.Test|x64.ActiveCfg = Debug|Any CPU
		{36E86EFB-32DD-4A9D-A7FD-E76B03AE61C2}.Test|x64.Build.0 = Debug|Any CPU
		{36E86EFB-32DD-4A9D-A7FD-E76B03AE61C2}.Test|x86.ActiveCfg = Debug|x86
		{36E86EFB-32DD-4A9D-A7FD-E76B03AE61C2}.Test|x86.Build.0 = Debug|x86
		{686BE153-0DBB-4CBC-88D7-D89BD3D449C5}.BUILD|Any CPU.ActiveCfg = BUILD|Any CPU
		{686BE153-0DBB-4CBC-88D7-D89BD3D449C5}.BUILD|Any CPU.Build.0 = BUILD|Any CPU
		{686BE153-0DBB-4CBC-88D7-D89BD3D449C5}.BUILD|x64.ActiveCfg = BUILD|Any CPU
		{686BE153-0DBB-4CBC-88D7-D89BD3D449C5}.BUILD|x64.Build.0 = BUILD|Any CPU
		{686BE153-0DBB-4CBC-88D7-D89BD3D449C5}.BUILD|x86.ActiveCfg = BUILD|x86
		{686BE153-0DBB-4CBC-88D7-D89BD3D449C5}.BUILD|x86.Build.0 = BUILD|x86
		{686BE153-0DBB-4CBC-88D7-D89BD3D449C5}.Debug|Any CPU.ActiveCfg = Debug|Any CPU
		{686BE153-0DBB-4CBC-88D7-D89BD3D449C5}.Debug|Any CPU.Build.0 = Debug|Any CPU
		{686BE153-0DBB-4CBC-88D7-D89BD3D449C5}.Debug|x64.ActiveCfg = Debug|Any CPU
		{686BE153-0DBB-4CBC-88D7-D89BD3D449C5}.Debug|x64.Build.0 = Debug|Any CPU
		{686BE153-0DBB-4CBC-88D7-D89BD3D449C5}.Debug|x86.ActiveCfg = Debug|x86
		{686BE153-0DBB-4CBC-88D7-D89BD3D449C5}.Debug|x86.Build.0 = Debug|x86
		{686BE153-0DBB-4CBC-88D7-D89BD3D449C5}.Release|Any CPU.ActiveCfg = Release|Any CPU
		{686BE153-0DBB-4CBC-88D7-D89BD3D449C5}.Release|Any CPU.Build.0 = Release|Any CPU
		{686BE153-0DBB-4CBC-88D7-D89BD3D449C5}.Release|x64.ActiveCfg = Release|Any CPU
		{686BE153-0DBB-4CBC-88D7-D89BD3D449C5}.Release|x64.Build.0 = Release|Any CPU
		{686BE153-0DBB-4CBC-88D7-D89BD3D449C5}.Release|x86.ActiveCfg = Release|x86
		{686BE153-0DBB-4CBC-88D7-D89BD3D449C5}.Release|x86.Build.0 = Release|x86
		{686BE153-0DBB-4CBC-88D7-D89BD3D449C5}.Test|Any CPU.ActiveCfg = Test|Any CPU
		{686BE153-0DBB-4CBC-88D7-D89BD3D449C5}.Test|Any CPU.Build.0 = Test|Any CPU
		{686BE153-0DBB-4CBC-88D7-D89BD3D449C5}.Test|x64.ActiveCfg = Test|Any CPU
		{686BE153-0DBB-4CBC-88D7-D89BD3D449C5}.Test|x64.Build.0 = Test|Any CPU
		{686BE153-0DBB-4CBC-88D7-D89BD3D449C5}.Test|x86.ActiveCfg = Test|x86
		{686BE153-0DBB-4CBC-88D7-D89BD3D449C5}.Test|x86.Build.0 = Test|x86
	EndGlobalSection
	GlobalSection(SolutionProperties) = preSolution
		HideSolutionNode = FALSE
	EndGlobalSection
	GlobalSection(ExtensibilityGlobals) = postSolution
		SolutionGuid = {90C30ACA-6B3C-41B6-9649-56D6F19FBA33}
	EndGlobalSection
EndGlobal
